
Microsoft Visual Studio Solution File, Format Version 12.00
# Visual Studio Version 17
VisualStudioVersion = 17.5.33627.172
MinimumVisualStudioVersion = 10.0.40219.1
Project("{9A19103F-16F7-4668-BE54-9A1E7A4F7556}") = "CopilotChatWebApi", "CopilotChatWebApi.csproj", "{DEF1CBD8-0698-48EF-8EE7-1E2532AB5756}"
EndProject
Global
	GlobalSection(SolutionConfigurationPlatforms) = preSolution
		Debug|Any CPU = Debug|Any CPU
		Release|Any CPU = Release|Any CPU
	EndGlobalSection
	GlobalSection(ProjectConfigurationPlatforms) = postSolution
		{DEF1CBD8-0698-48EF-8EE7-1E2532AB5756}.Debug|Any CPU.ActiveCfg = Debug|Any CPU
		{DEF1CBD8-0698-48EF-8EE7-1E2532AB5756}.Debug|Any CPU.Build.0 = Debug|Any CPU
		{DEF1CBD8-0698-48EF-8EE7-1E2532AB5756}.Release|Any CPU.ActiveCfg = Release|Any CPU
		{DEF1CBD8-0698-48EF-8EE7-1E2532AB5756}.Release|Any CPU.Build.0 = Release|Any CPU
	EndGlobalSection
	GlobalSection(SolutionProperties) = preSolution
		HideSolutionNode = FALSE
	EndGlobalSection
	GlobalSection(ExtensibilityGlobals) = postSolution
		SolutionGuid = {48422350-680B-447E-B6D5-8E9000D8D9B6}
	EndGlobalSection
EndGlobal
